// !$*UTF8*$!
{
	archiveVersion = 1;
	classes = {
	};
	objectVersion = 56;
	objects = {

/* Begin PBXBuildFile section */
		C089E2572AEFBC980046A2EF /* AppDelegate.swift in Sources */ = {isa = PBXBuildFile; fileRef = C089E2562AEFBC980046A2EF /* AppDelegate.swift */; };
		C089E2592AEFBC980046A2EF /* SceneDelegate.swift in Sources */ = {isa = PBXBuildFile; fileRef = C089E2582AEFBC980046A2EF /* SceneDelegate.swift */; };
		C089E25B2AEFBC980046A2EF /* ViewController.swift in Sources */ = {isa = PBXBuildFile; fileRef = C089E25A2AEFBC980046A2EF /* ViewController.swift */; };
		C089E25E2AEFBC980046A2EF /* Main.storyboard in Resources */ = {isa = PBXBuildFile; fileRef = C089E25C2AEFBC980046A2EF /* Main.storyboard */; };
		C089E2602AEFBC9E0046A2EF /* Assets.xcassets in Resources */ = {isa = PBXBuildFile; fileRef = C089E25F2AEFBC9E0046A2EF /* Assets.xcassets */; };
		C089E2632AEFBC9E0046A2EF /* LaunchScreen.storyboard in Resources */ = {isa = PBXBuildFile; fileRef = C089E2612AEFBC9E0046A2EF /* LaunchScreen.storyboard */; };
		C089E26E2AEFBC9E0046A2EF /* QABoardTests.swift in Sources */ = {isa = PBXBuildFile; fileRef = C089E26D2AEFBC9E0046A2EF /* QABoardTests.swift */; };
		C089E2782AEFBC9E0046A2EF /* QABoardUITests.swift in Sources */ = {isa = PBXBuildFile; fileRef = C089E2772AEFBC9E0046A2EF /* QABoardUITests.swift */; };
		C089E27A2AEFBC9E0046A2EF /* QABoardUITestsLaunchTests.swift in Sources */ = {isa = PBXBuildFile; fileRef = C089E2792AEFBC9E0046A2EF /* QABoardUITestsLaunchTests.swift */; };
		C089E2872AEFC3230046A2EF /* QABTabBarController.swift in Sources */ = {isa = PBXBuildFile; fileRef = C089E2862AEFC3230046A2EF /* QABTabBarController.swift */; };
/* End PBXBuildFile section */

/* Begin PBXContainerItemProxy section */
		C089E26A2AEFBC9E0046A2EF /* PBXContainerItemProxy */ = {
			isa = PBXContainerItemProxy;
			containerPortal = C089E24B2AEFBC980046A2EF /* Project object */;
			proxyType = 1;
			remoteGlobalIDString = C089E2522AEFBC980046A2EF;
			remoteInfo = QABoard;
		};
		C089E2742AEFBC9E0046A2EF /* PBXContainerItemProxy */ = {
			isa = PBXContainerItemProxy;
			containerPortal = C089E24B2AEFBC980046A2EF /* Project object */;
			proxyType = 1;
			remoteGlobalIDString = C089E2522AEFBC980046A2EF;
			remoteInfo = QABoard;
		};
/* End PBXContainerItemProxy section */

/* Begin PBXFileReference section */
		C089E2532AEFBC980046A2EF /* QABoard.app */ = {isa = PBXFileReference; explicitFileType = wrapper.application; includeInIndex = 0; path = QABoard.app; sourceTree = BUILT_PRODUCTS_DIR; };
		C089E2562AEFBC980046A2EF /* AppDelegate.swift */ = {isa = PBXFileReference; lastKnownFileType = sourcecode.swift; path = AppDelegate.swift; sourceTree = "<group>"; };
		C089E2582AEFBC980046A2EF /* SceneDelegate.swift */ = {isa = PBXFileReference; lastKnownFileType = sourcecode.swift; path = SceneDelegate.swift; sourceTree = "<group>"; };
		C089E25A2AEFBC980046A2EF /* ViewController.swift */ = {isa = PBXFileReference; lastKnownFileType = sourcecode.swift; path = ViewController.swift; sourceTree = "<group>"; };
		C089E25D2AEFBC980046A2EF /* Base */ = {isa = PBXFileReference; lastKnownFileType = file.storyboard; name = Base; path = Base.lproj/Main.storyboard; sourceTree = "<group>"; };
		C089E25F2AEFBC9E0046A2EF /* Assets.xcassets */ = {isa = PBXFileReference; lastKnownFileType = folder.assetcatalog; path = Assets.xcassets; sourceTree = "<group>"; };
		C089E2622AEFBC9E0046A2EF /* Base */ = {isa = PBXFileReference; lastKnownFileType = file.storyboard; name = Base; path = Base.lproj/LaunchScreen.storyboard; sourceTree = "<group>"; };
		C089E2642AEFBC9E0046A2EF /* Info.plist */ = {isa = PBXFileReference; lastKnownFileType = text.plist.xml; path = Info.plist; sourceTree = "<group>"; };
		C089E2692AEFBC9E0046A2EF /* QABoardTests.xctest */ = {isa = PBXFileReference; explicitFileType = wrapper.cfbundle; includeInIndex = 0; path = QABoardTests.xctest; sourceTree = BUILT_PRODUCTS_DIR; };
		C089E26D2AEFBC9E0046A2EF /* QABoardTests.swift */ = {isa = PBXFileReference; lastKnownFileType = sourcecode.swift; path = QABoardTests.swift; sourceTree = "<group>"; };
		C089E2732AEFBC9E0046A2EF /* QABoardUITests.xctest */ = {isa = PBXFileReference; explicitFileType = wrapper.cfbundle; includeInIndex = 0; path = QABoardUITests.xctest; sourceTree = BUILT_PRODUCTS_DIR; };
		C089E2772AEFBC9E0046A2EF /* QABoardUITests.swift */ = {isa = PBXFileReference; lastKnownFileType = sourcecode.swift; path = QABoardUITests.swift; sourceTree = "<group>"; };
		C089E2792AEFBC9E0046A2EF /* QABoardUITestsLaunchTests.swift */ = {isa = PBXFileReference; lastKnownFileType = sourcecode.swift; path = QABoardUITestsLaunchTests.swift; sourceTree = "<group>"; };
		C089E2862AEFC3230046A2EF /* QABTabBarController.swift */ = {isa = PBXFileReference; lastKnownFileType = sourcecode.swift; path = QABTabBarController.swift; sourceTree = "<group>"; };
		C089E2882AEFCA790046A2EF /* README.md */ = {isa = PBXFileReference; lastKnownFileType = net.daringfireball.markdown; path = README.md; sourceTree = "<group>"; };
/* End PBXFileReference section */

/* Begin PBXFrameworksBuildPhase section */
		C089E2502AEFBC980046A2EF /* Frameworks */ = {
			isa = PBXFrameworksBuildPhase;
			buildActionMask = 2147483647;
			files = (
			);
			runOnlyForDeploymentPostprocessing = 0;
		};
		C089E2662AEFBC9E0046A2EF /* Frameworks */ = {
			isa = PBXFrameworksBuildPhase;
			buildActionMask = 2147483647;
			files = (
			);
			runOnlyForDeploymentPostprocessing = 0;
		};
		C089E2702AEFBC9E0046A2EF /* Frameworks */ = {
			isa = PBXFrameworksBuildPhase;
			buildActionMask = 2147483647;
			files = (
			);
			runOnlyForDeploymentPostprocessing = 0;
		};
/* End PBXFrameworksBuildPhase section */

/* Begin PBXGroup section */
		C089E24A2AEFBC980046A2EF = {
			isa = PBXGroup;
			children = (
				C089E2882AEFCA790046A2EF /* README.md */,
				C089E2552AEFBC980046A2EF /* QABoard */,
				C089E26C2AEFBC9E0046A2EF /* QABoardTests */,
				C089E2762AEFBC9E0046A2EF /* QABoardUITests */,
				C089E2542AEFBC980046A2EF /* Products */,
			);
			sourceTree = "<group>";
		};
		C089E2542AEFBC980046A2EF /* Products */ = {
			isa = PBXGroup;
			children = (
				C089E2532AEFBC980046A2EF /* QABoard.app */,
				C089E2692AEFBC9E0046A2EF /* QABoardTests.xctest */,
				C089E2732AEFBC9E0046A2EF /* QABoardUITests.xctest */,
			);
			name = Products;
			sourceTree = "<group>";
		};
		C089E2552AEFBC980046A2EF /* QABoard */ = {
			isa = PBXGroup;
			children = (
				C089E2562AEFBC980046A2EF /* AppDelegate.swift */,
				C089E2582AEFBC980046A2EF /* SceneDelegate.swift */,
				C089E25A2AEFBC980046A2EF /* ViewController.swift */,
				C089E2862AEFC3230046A2EF /* QABTabBarController.swift */,
				C089E25C2AEFBC980046A2EF /* Main.storyboard */,
				C089E25F2AEFBC9E0046A2EF /* Assets.xcassets */,
				C089E2612AEFBC9E0046A2EF /* LaunchScreen.storyboard */,
				C089E2642AEFBC9E0046A2EF /* Info.plist */,
			);
			path = QABoard;
			sourceTree = "<group>";
		};
		C089E26C2AEFBC9E0046A2EF /* QABoardTests */ = {
			isa = PBXGroup;
			children = (
				C089E26D2AEFBC9E0046A2EF /* QABoardTests.swift */,
			);
			path = QABoardTests;
			sourceTree = "<group>";
		};
		C089E2762AEFBC9E0046A2EF /* QABoardUITests */ = {
			isa = PBXGroup;
			children = (
				C089E2772AEFBC9E0046A2EF /* QABoardUITests.swift */,
				C089E2792AEFBC9E0046A2EF /* QABoardUITestsLaunchTests.swift */,
			);
			path = QABoardUITests;
			sourceTree = "<group>";
		};
/* End PBXGroup section */

/* Begin PBXNativeTarget section */
		C089E2522AEFBC980046A2EF /* QABoard */ = {
			isa = PBXNativeTarget;
			buildConfigurationList = C089E27D2AEFBC9E0046A2EF /* Build configuration list for PBXNativeTarget "QABoard" */;
			buildPhases = (
				C089E24F2AEFBC980046A2EF /* Sources */,
				C089E2502AEFBC980046A2EF /* Frameworks */,
				C089E2512AEFBC980046A2EF /* Resources */,
			);
			buildRules = (
			);
			dependencies = (
			);
			name = QABoard;
			productName = QABoard;
			productReference = C089E2532AEFBC980046A2EF /* QABoard.app */;
			productType = "com.apple.product-type.application";
		};
		C089E2682AEFBC9E0046A2EF /* QABoardTests */ = {
			isa = PBXNativeTarget;
			buildConfigurationList = C089E2802AEFBC9E0046A2EF /* Build configuration list for PBXNativeTarget "QABoardTests" */;
			buildPhases = (
				C089E2652AEFBC9E0046A2EF /* Sources */,
				C089E2662AEFBC9E0046A2EF /* Frameworks */,
				C089E2672AEFBC9E0046A2EF /* Resources */,
			);
			buildRules = (
			);
			dependencies = (
				C089E26B2AEFBC9E0046A2EF /* PBXTargetDependency */,
			);
			name = QABoardTests;
			productName = QABoardTests;
			productReference = C089E2692AEFBC9E0046A2EF /* QABoardTests.xctest */;
			productType = "com.apple.product-type.bundle.unit-test";
		};
		C089E2722AEFBC9E0046A2EF /* QABoardUITests */ = {
			isa = PBXNativeTarget;
			buildConfigurationList = C089E2832AEFBC9E0046A2EF /* Build configuration list for PBXNativeTarget "QABoardUITests" */;
			buildPhases = (
				C089E26F2AEFBC9E0046A2EF /* Sources */,
				C089E2702AEFBC9E0046A2EF /* Frameworks */,
				C089E2712AEFBC9E0046A2EF /* Resources */,
			);
			buildRules = (
			);
			dependencies = (
				C089E2752AEFBC9E0046A2EF /* PBXTargetDependency */,
			);
			name = QABoardUITests;
			productName = QABoardUITests;
			productReference = C089E2732AEFBC9E0046A2EF /* QABoardUITests.xctest */;
			productType = "com.apple.product-type.bundle.ui-testing";
		};
/* End PBXNativeTarget section */

/* Begin PBXProject section */
		C089E24B2AEFBC980046A2EF /* Project object */ = {
			isa = PBXProject;
			attributes = {
				BuildIndependentTargetsInParallel = 1;
				LastSwiftUpdateCheck = 1500;
				LastUpgradeCheck = 1500;
				TargetAttributes = {
					C089E2522AEFBC980046A2EF = {
						CreatedOnToolsVersion = 15.0;
					};
					C089E2682AEFBC9E0046A2EF = {
						CreatedOnToolsVersion = 15.0;
						TestTargetID = C089E2522AEFBC980046A2EF;
					};
					C089E2722AEFBC9E0046A2EF = {
						CreatedOnToolsVersion = 15.0;
						TestTargetID = C089E2522AEFBC980046A2EF;
					};
				};
			};
			buildConfigurationList = C089E24E2AEFBC980046A2EF /* Build configuration list for PBXProject "QABoard" */;
			compatibilityVersion = "Xcode 14.0";
			developmentRegion = en;
			hasScannedForEncodings = 0;
			knownRegions = (
				en,
				Base,
			);
			mainGroup = C089E24A2AEFBC980046A2EF;
			productRefGroup = C089E2542AEFBC980046A2EF /* Products */;
			projectDirPath = "";
			projectRoot = "";
			targets = (
				C089E2522AEFBC980046A2EF /* QABoard */,
				C089E2682AEFBC9E0046A2EF /* QABoardTests */,
				C089E2722AEFBC9E0046A2EF /* QABoardUITests */,
			);
		};
/* End PBXProject section */

/* Begin PBXResourcesBuildPhase section */
		C089E2512AEFBC980046A2EF /* Resources */ = {
			isa = PBXResourcesBuildPhase;
			buildActionMask = 2147483647;
			files = (
				C089E2632AEFBC9E0046A2EF /* LaunchScreen.storyboard in Resources */,
				C089E2602AEFBC9E0046A2EF /* Assets.xcassets in Resources */,
				C089E25E2AEFBC980046A2EF /* Main.storyboard in Resources */,
			);
			runOnlyForDeploymentPostprocessing = 0;
		};
		C089E2672AEFBC9E0046A2EF /* Resources */ = {
			isa = PBXResourcesBuildPhase;
			buildActionMask = 2147483647;
			files = (
			);
			runOnlyForDeploymentPostprocessing = 0;
		};
		C089E2712AEFBC9E0046A2EF /* Resources */ = {
			isa = PBXResourcesBuildPhase;
			buildActionMask = 2147483647;
			files = (
			);
			runOnlyForDeploymentPostprocessing = 0;
		};
/* End PBXResourcesBuildPhase section */

/* Begin PBXSourcesBuildPhase section */
		C089E24F2AEFBC980046A2EF /* Sources */ = {
			isa = PBXSourcesBuildPhase;
			buildActionMask = 2147483647;
			files = (
				C089E2872AEFC3230046A2EF /* QABTabBarController.swift in Sources */,
				C089E25B2AEFBC980046A2EF /* ViewController.swift in Sources */,
				C089E2572AEFBC980046A2EF /* AppDelegate.swift in Sources */,
				C089E2592AEFBC980046A2EF /* SceneDelegate.swift in Sources */,
			);
			runOnlyForDeploymentPostprocessing = 0;
		};
		C089E2652AEFBC9E0046A2EF /* Sources */ = {
			isa = PBXSourcesBuildPhase;
			buildActionMask = 2147483647;
			files = (
				C089E26E2AEFBC9E0046A2EF /* QABoardTests.swift in Sources */,
			);
			runOnlyForDeploymentPostprocessing = 0;
		};
		C089E26F2AEFBC9E0046A2EF /* Sources */ = {
			isa = PBXSourcesBuildPhase;
			buildActionMask = 2147483647;
			files = (
				C089E2782AEFBC9E0046A2EF /* QABoardUITests.swift in Sources */,
				C089E27A2AEFBC9E0046A2EF /* QABoardUITestsLaunchTests.swift in Sources */,
			);
			runOnlyForDeploymentPostprocessing = 0;
		};
/* End PBXSourcesBuildPhase section */

/* Begin PBXTargetDependency section */
		C089E26B2AEFBC9E0046A2EF /* PBXTargetDependency */ = {
			isa = PBXTargetDependency;
			target = C089E2522AEFBC980046A2EF /* QABoard */;
			targetProxy = C089E26A2AEFBC9E0046A2EF /* PBXContainerItemProxy */;
		};
		C089E2752AEFBC9E0046A2EF /* PBXTargetDependency */ = {
			isa = PBXTargetDependency;
			target = C089E2522AEFBC980046A2EF /* QABoard */;
			targetProxy = C089E2742AEFBC9E0046A2EF /* PBXContainerItemProxy */;
		};
/* End PBXTargetDependency section */

/* Begin PBXVariantGroup section */
		C089E25C2AEFBC980046A2EF /* Main.storyboard */ = {
			isa = PBXVariantGroup;
			children = (
				C089E25D2AEFBC980046A2EF /* Base */,
			);
			name = Main.storyboard;
			sourceTree = "<group>";
		};
		C089E2612AEFBC9E0046A2EF /* LaunchScreen.storyboard */ = {
			isa = PBXVariantGroup;
			children = (
				C089E2622AEFBC9E0046A2EF /* Base */,
			);
			name = LaunchScreen.storyboard;
			sourceTree = "<group>";
		};
/* End PBXVariantGroup section */

/* Begin XCBuildConfiguration section */
		C089E27B2AEFBC9E0046A2EF /* Debug */ = {
			isa = XCBuildConfiguration;
			buildSettings = {
				ALWAYS_SEARCH_USER_PATHS = NO;
				ASSETCATALOG_COMPILER_GENERATE_SWIFT_ASSET_SYMBOL_EXTENSIONS = YES;
				CLANG_ANALYZER_NONNULL = YES;
				CLANG_ANALYZER_NUMBER_OBJECT_CONVERSION = YES_AGGRESSIVE;
				CLANG_CXX_LANGUAGE_STANDARD = "gnu++20";
				CLANG_ENABLE_MODULES = YES;
				CLANG_ENABLE_OBJC_ARC = YES;
				CLANG_ENABLE_OBJC_WEAK = YES;
				CLANG_WARN_BLOCK_CAPTURE_AUTORELEASING = YES;
				CLANG_WARN_BOOL_CONVERSION = YES;
				CLANG_WARN_COMMA = YES;
				CLANG_WARN_CONSTANT_CONVERSION = YES;
				CLANG_WARN_DEPRECATED_OBJC_IMPLEMENTATIONS = YES;
				CLANG_WARN_DIRECT_OBJC_ISA_USAGE = YES_ERROR;
				CLANG_WARN_DOCUMENTATION_COMMENTS = YES;
				CLANG_WARN_EMPTY_BODY = YES;
				CLANG_WARN_ENUM_CONVERSION = YES;
				CLANG_WARN_INFINITE_RECURSION = YES;
				CLANG_WARN_INT_CONVERSION = YES;
				CLANG_WARN_NON_LITERAL_NULL_CONVERSION = YES;
				CLANG_WARN_OBJC_IMPLICIT_RETAIN_SELF = YES;
				CLANG_WARN_OBJC_LITERAL_CONVERSION = YES;
				CLANG_WARN_OBJC_ROOT_CLASS = YES_ERROR;
				CLANG_WARN_QUOTED_INCLUDE_IN_FRAMEWORK_HEADER = YES;
				CLANG_WARN_RANGE_LOOP_ANALYSIS = YES;
				CLANG_WARN_STRICT_PROTOTYPES = YES;
				CLANG_WARN_SUSPICIOUS_MOVE = YES;
				CLANG_WARN_UNGUARDED_AVAILABILITY = YES_AGGRESSIVE;
				CLANG_WARN_UNREACHABLE_CODE = YES;
				CLANG_WARN__DUPLICATE_METHOD_MATCH = YES;
				COPY_PHASE_STRIP = NO;
				DEBUG_INFORMATION_FORMAT = dwarf;
				ENABLE_STRICT_OBJC_MSGSEND = YES;
				ENABLE_TESTABILITY = YES;
				ENABLE_USER_SCRIPT_SANDBOXING = YES;
				GCC_C_LANGUAGE_STANDARD = gnu17;
				GCC_DYNAMIC_NO_PIC = NO;
				GCC_NO_COMMON_BLOCKS = YES;
				GCC_OPTIMIZATION_LEVEL = 0;
				GCC_PREPROCESSOR_DEFINITIONS = (
					"DEBUG=1",
					"$(inherited)",
				);
				GCC_WARN_64_TO_32_BIT_CONVERSION = YES;
				GCC_WARN_ABOUT_RETURN_TYPE = YES_ERROR;
				GCC_WARN_UNDECLARED_SELECTOR = YES;
				GCC_WARN_UNINITIALIZED_AUTOS = YES_AGGRESSIVE;
				GCC_WARN_UNUSED_FUNCTION = YES;
				GCC_WARN_UNUSED_VARIABLE = YES;
				IPHONEOS_DEPLOYMENT_TARGET = 16.0;
				LOCALIZATION_PREFERS_STRING_CATALOGS = YES;
				MTL_ENABLE_DEBUG_INFO = INCLUDE_SOURCE;
				MTL_FAST_MATH = YES;
				ONLY_ACTIVE_ARCH = YES;
				SDKROOT = iphoneos;
				SWIFT_ACTIVE_COMPILATION_CONDITIONS = "DEBUG $(inherited)";
				SWIFT_OPTIMIZATION_LEVEL = "-Onone";
			};
			name = Debug;
		};
		C089E27C2AEFBC9E0046A2EF /* Release */ = {
			isa = XCBuildConfiguration;
			buildSettings = {
				ALWAYS_SEARCH_USER_PATHS = NO;
				ASSETCATALOG_COMPILER_GENERATE_SWIFT_ASSET_SYMBOL_EXTENSIONS = YES;
				CLANG_ANALYZER_NONNULL = YES;
				CLANG_ANALYZER_NUMBER_OBJECT_CONVERSION = YES_AGGRESSIVE;
				CLANG_CXX_LANGUAGE_STANDARD = "gnu++20";
				CLANG_ENABLE_MODULES = YES;
				CLANG_ENABLE_OBJC_ARC = YES;
				CLANG_ENABLE_OBJC_WEAK = YES;
				CLANG_WARN_BLOCK_CAPTURE_AUTORELEASING = YES;
				CLANG_WARN_BOOL_CONVERSION = YES;
				CLANG_WARN_COMMA = YES;
				CLANG_WARN_CONSTANT_CONVERSION = YES;
				CLANG_WARN_DEPRECATED_OBJC_IMPLEMENTATIONS = YES;
				CLANG_WARN_DIRECT_OBJC_ISA_USAGE = YES_ERROR;
				CLANG_WARN_DOCUMENTATION_COMMENTS = YES;
				CLANG_WARN_EMPTY_BODY = YES;
				CLANG_WARN_ENUM_CONVERSION = YES;
				CLANG_WARN_INFINITE_RECURSION = YES;
				CLANG_WARN_INT_CONVERSION = YES;
				CLANG_WARN_NON_LITERAL_NULL_CONVERSION = YES;
				CLANG_WARN_OBJC_IMPLICIT_RETAIN_SELF = YES;
				CLANG_WARN_OBJC_LITERAL_CONVERSION = YES;
				CLANG_WARN_OBJC_ROOT_CLASS = YES_ERROR;
				CLANG_WARN_QUOTED_INCLUDE_IN_FRAMEWORK_HEADER = YES;
				CLANG_WARN_RANGE_LOOP_ANALYSIS = YES;
				CLANG_WARN_STRICT_PROTOTYPES = YES;
				CLANG_WARN_SUSPICIOUS_MOVE = YES;
				CLANG_WARN_UNGUARDED_AVAILABILITY = YES_AGGRESSIVE;
				CLANG_WARN_UNREACHABLE_CODE = YES;
				CLANG_WARN__DUPLICATE_METHOD_MATCH = YES;
				COPY_PHASE_STRIP = NO;
				DEBUG_INFORMATION_FORMAT = "dwarf-with-dsym";
				ENABLE_NS_ASSERTIONS = NO;
				ENABLE_STRICT_OBJC_MSGSEND = YES;
				ENABLE_USER_SCRIPT_SANDBOXING = YES;
				GCC_C_LANGUAGE_STANDARD = gnu17;
				GCC_NO_COMMON_BLOCKS = YES;
				GCC_WARN_64_TO_32_BIT_CONVERSION = YES;
				GCC_WARN_ABOUT_RETURN_TYPE = YES_ERROR;
				GCC_WARN_UNDECLARED_SELECTOR = YES;
				GCC_WARN_UNINITIALIZED_AUTOS = YES_AGGRESSIVE;
				GCC_WARN_UNUSED_FUNCTION = YES;
				GCC_WARN_UNUSED_VARIABLE = YES;
				IPHONEOS_DEPLOYMENT_TARGET = 16.0;
				LOCALIZATION_PREFERS_STRING_CATALOGS = YES;
				MTL_ENABLE_DEBUG_INFO = NO;
				MTL_FAST_MATH = YES;
				SDKROOT = iphoneos;
				SWIFT_COMPILATION_MODE = wholemodule;
				VALIDATE_PRODUCT = YES;
			};
			name = Release;
		};
		C089E27E2AEFBC9E0046A2EF /* Debug */ = {
			isa = XCBuildConfiguration;
			buildSettings = {
				ASSETCATALOG_COMPILER_APPICON_NAME = AppIcon;
				ASSETCATALOG_COMPILER_GLOBAL_ACCENT_COLOR_NAME = AccentColor;
				CODE_SIGN_STYLE = Automatic;
				CURRENT_PROJECT_VERSION = 1;
				DEVELOPMENT_TEAM = 2APXYV2LQ4;
				GENERATE_INFOPLIST_FILE = YES;
				INFOPLIST_FILE = QABoard/Info.plist;
				INFOPLIST_KEY_UIApplicationSupportsIndirectInputEvents = YES;
				INFOPLIST_KEY_UILaunchStoryboardName = LaunchScreen;
				INFOPLIST_KEY_UIMainStoryboardFile = Main;
				INFOPLIST_KEY_UISupportedInterfaceOrientations_iPad = "UIInterfaceOrientationPortrait UIInterfaceOrientationPortraitUpsideDown UIInterfaceOrientationLandscapeLeft UIInterfaceOrientationLandscapeRight";
				INFOPLIST_KEY_UISupportedInterfaceOrientations_iPhone = "UIInterfaceOrientationPortrait UIInterfaceOrientationLandscapeLeft UIInterfaceOrientationLandscapeRight";
				IPHONEOS_DEPLOYMENT_TARGET = 16.0;
				LD_RUNPATH_SEARCH_PATHS = (
					"$(inherited)",
					"@executable_path/Frameworks",
				);
				MARKETING_VERSION = 1.0;
				PRODUCT_BUNDLE_IDENTIFIER = root0.QABoard;
				PRODUCT_NAME = "$(TARGET_NAME)";
				SWIFT_EMIT_LOC_STRINGS = YES;
				SWIFT_VERSION = 5.0;
				TARGETED_DEVICE_FAMILY = "1,2";
			};
			name = Debug;
		};
		C089E27F2AEFBC9E0046A2EF /* Release */ = {
			isa = XCBuildConfiguration;
			buildSettings = {
				ASSETCATALOG_COMPILER_APPICON_NAME = AppIcon;
				ASSETCATALOG_COMPILER_GLOBAL_ACCENT_COLOR_NAME = AccentColor;
				CODE_SIGN_STYLE = Automatic;
				CURRENT_PROJECT_VERSION = 1;
				DEVELOPMENT_TEAM = 2APXYV2LQ4;
				GENERATE_INFOPLIST_FILE = YES;
				INFOPLIST_FILE = QABoard/Info.plist;
				INFOPLIST_KEY_UIApplicationSupportsIndirectInputEvents = YES;
				INFOPLIST_KEY_UILaunchStoryboardName = LaunchScreen;
				INFOPLIST_KEY_UIMainStoryboardFile = Main;
				INFOPLIST_KEY_UISupportedInterfaceOrientations_iPad = "UIInterfaceOrientationPortrait UIInterfaceOrientationPortraitUpsideDown UIInterfaceOrientationLandscapeLeft UIInterfaceOrientationLandscapeRight";
				INFOPLIST_KEY_UISupportedInterfaceOrientations_iPhone = "UIInterfaceOrientationPortrait UIInterfaceOrientationLandscapeLeft UIInterfaceOrientationLandscapeRight";
				IPHONEOS_DEPLOYMENT_TARGET = 16.0;
				LD_RUNPATH_SEARCH_PATHS = (
					"$(inherited)",
					"@executable_path/Frameworks",
				);
				MARKETING_VERSION = 1.0;
				PRODUCT_BUNDLE_IDENTIFIER = root0.QABoard;
				PRODUCT_NAME = "$(TARGET_NAME)";
				SWIFT_EMIT_LOC_STRINGS = YES;
				SWIFT_VERSION = 5.0;
				TARGETED_DEVICE_FAMILY = "1,2";
			};
			name = Release;
		};
		C089E2812AEFBC9E0046A2EF /* Debug */ = {
			isa = XCBuildConfiguration;
			buildSettings = {
				ALWAYS_EMBED_SWIFT_STANDARD_LIBRARIES = YES;
				BUNDLE_LOADER = "$(TEST_HOST)";
				CODE_SIGN_STYLE = Automatic;
				CURRENT_PROJECT_VERSION = 1;
				DEVELOPMENT_TEAM = 2APXYV2LQ4;
				GENERATE_INFOPLIST_FILE = YES;
				IPHONEOS_DEPLOYMENT_TARGET = 16.0;
				MARKETING_VERSION = 1.0;
				PRODUCT_BUNDLE_IDENTIFIER = root0.QABoardTests;
				PRODUCT_NAME = "$(TARGET_NAME)";
				SWIFT_EMIT_LOC_STRINGS = NO;
				SWIFT_VERSION = 5.0;
				TARGETED_DEVICE_FAMILY = "1,2";
				TEST_HOST = "$(BUILT_PRODUCTS_DIR)/QABoard.app/$(BUNDLE_EXECUTABLE_FOLDER_PATH)/QABoard";
			};
			name = Debug;
		};
		C089E2822AEFBC9E0046A2EF /* Release */ = {
			isa = XCBuildConfiguration;
			buildSettings = {
				ALWAYS_EMBED_SWIFT_STANDARD_LIBRARIES = YES;
				BUNDLE_LOADER = "$(TEST_HOST)";
				CODE_SIGN_STYLE = Automatic;
				CURRENT_PROJECT_VERSION = 1;
				DEVELOPMENT_TEAM = 2APXYV2LQ4;
				GENERATE_INFOPLIST_FILE = YES;
				IPHONEOS_DEPLOYMENT_TARGET = 16.0;
				MARKETING_VERSION = 1.0;
				PRODUCT_BUNDLE_IDENTIFIER = root0.QABoardTests;
				PRODUCT_NAME = "$(TARGET_NAME)";
				SWIFT_EMIT_LOC_STRINGS = NO;
				SWIFT_VERSION = 5.0;
				TARGETED_DEVICE_FAMILY = "1,2";
				TEST_HOST = "$(BUILT_PRODUCTS_DIR)/QABoard.app/$(BUNDLE_EXECUTABLE_FOLDER_PATH)/QABoard";
			};
			name = Release;
		};
		C089E2842AEFBC9E0046A2EF /* Debug */ = {
			isa = XCBuildConfiguration;
			buildSettings = {
				ALWAYS_EMBED_SWIFT_STANDARD_LIBRARIES = YES;
				CODE_SIGN_STYLE = Automatic;
				CURRENT_PROJECT_VERSION = 1;
				DEVELOPMENT_TEAM = 2APXYV2LQ4;
				GENERATE_INFOPLIST_FILE = YES;
				MARKETING_VERSION = 1.0;
				PRODUCT_BUNDLE_IDENTIFIER = root0.QABoardUITests;
				PRODUCT_NAME = "$(TARGET_NAME)";
				SWIFT_EMIT_LOC_STRINGS = NO;
				SWIFT_VERSION = 5.0;
				TARGETED_DEVICE_FAMILY = "1,2";
				TEST_TARGET_NAME = QABoard;
			};
			name = Debug;
		};
		C089E2852AEFBC9E0046A2EF /* Release */ = {
			isa = XCBuildConfiguration;
			buildSettings = {
				ALWAYS_EMBED_SWIFT_STANDARD_LIBRARIES = YES;
				CODE_SIGN_STYLE = Automatic;
				CURRENT_PROJECT_VERSION = 1;
				DEVELOPMENT_TEAM = 2APXYV2LQ4;
				GENERATE_INFOPLIST_FILE = YES;
				MARKETING_VERSION = 1.0;
				PRODUCT_BUNDLE_IDENTIFIER = root0.QABoardUITests;
				PRODUCT_NAME = "$(TARGET_NAME)";
				SWIFT_EMIT_LOC_STRINGS = NO;
				SWIFT_VERSION = 5.0;
				TARGETED_DEVICE_FAMILY = "1,2";
				TEST_TARGET_NAME = QABoard;
			};
			name = Release;
		};
/* End XCBuildConfiguration section */

/* Begin XCConfigurationList section */
		C089E24E2AEFBC980046A2EF /* Build configuration list for PBXProject "QABoard" */ = {
			isa = XCConfigurationList;
			buildConfigurations = (
				C089E27B2AEFBC9E0046A2EF /* Debug */,
				C089E27C2AEFBC9E0046A2EF /* Release */,
			);
			defaultConfigurationIsVisible = 0;
			defaultConfigurationName = Release;
		};
		C089E27D2AEFBC9E0046A2EF /* Build configuration list for PBXNativeTarget "QABoard" */ = {
			isa = XCConfigurationList;
			buildConfigurations = (
				C089E27E2AEFBC9E0046A2EF /* Debug */,
				C089E27F2AEFBC9E0046A2EF /* Release */,
			);
			defaultConfigurationIsVisible = 0;
			defaultConfigurationName = Release;
		};
		C089E2802AEFBC9E0046A2EF /* Build configuration list for PBXNativeTarget "QABoardTests" */ = {
			isa = XCConfigurationList;
			buildConfigurations = (
				C089E2812AEFBC9E0046A2EF /* Debug */,
				C089E2822AEFBC9E0046A2EF /* Release */,
			);
			defaultConfigurationIsVisible = 0;
			defaultConfigurationName = Release;
		};
		C089E2832AEFBC9E0046A2EF /* Build configuration list for PBXNativeTarget "QABoardUITests" */ = {
			isa = XCConfigurationList;
			buildConfigurations = (
				C089E2842AEFBC9E0046A2EF /* Debug */,
				C089E2852AEFBC9E0046A2EF /* Release */,
			);
			defaultConfigurationIsVisible = 0;
			defaultConfigurationName = Release;
		};
/* End XCConfigurationList section */
	};
	rootObject = C089E24B2AEFBC980046A2EF /* Project object */;
}
